github.com/Temctl/E-Notification/util v0.0.0-20230602040607-517272cbb009 h1:6kJvw9zIvXb+1mhg9Y7tdaAd7m89zaTxexZ7wgfKrUE=
github.com/Temctl/E-Notification/util v0.0.0-20230602040607-517272cbb009/go.mod h1:fakCLTkuCZJZp8UJ4Vg7lP/ns9/3N1U3Yznqqs/PsKw=
github.com/Temctl/E-Notification/util v0.0.0-20230602043338-318fac6b55e7 h1:L9wkOAJ8VSTmxaNbHeDpYQBA9YrLMRR+aMdliifEhR8=
github.com/Temctl/E-Notification/util v0.0.0-20230602043338-318fac6b55e7/go.mod h1:cwDsn/hM1NplHSxwfr8DdryTokj9lKUkOm9P9AA9uqk=
github.com/Temctl/E-Notification/util v0.0.0-20230602045937-85951f3f5ae2 h1:Q3Fi9s5UMlFoaD0iDuVfHF1bTEpzwt7YbtCHROkpPEk=
github.com/Temctl/E-Notification/util v0.0.0-20230602045937-85951f3f5ae2/go.mod h1:wKkRNorGu/u6O75rBn7CGHLw08etEWmpE44xOGdAfTw=
github.com/cespare/xxhash/v2 v2.2.0 h1:DC2CZ1Ep5Y4k3ZQ899DldepgrayRUGE6BBZ/cd9Cj44=
github.com/cespare/xxhash/v2 v2.2.0/go.mod h1:VGX0DQ3Q6kWi7AoAeZDth3/j3BFtOZR5XLFGgcrjCOs=
github.com/dgryski/go-rendezvous v0.0.0-20200823014737-9f7001d12a5f h1:lO4WD4F/rVNCu3HqELle0jiPLLBs70cWOduZpkS1E78=
github.com/dgryski/go-rendezvous v0.0.0-20200823014737-9f7001d12a5f/go.mod h1:cuUVRXasLTGF7a8hSLbxyZXjz+1KgoB3wDUb6vlszIc=
github.com/gorilla/mux v1.8.0 h1:i40aqfkR1h2SlN9hojwV5ZA91wcXFOvkdNIeFDP5koI=
github.com/gorilla/mux v1.8.0/go.mod h1:DVbg23sWSpFRCP0SfiEN6jmj59UnW/n46BH5rLB71So=
github.com/joho/godotenv v1.5.1 h1:7eLL/+HRGLY0ldzfGMeQkb7vMd0as4CfYvUVzLqw0N0=
github.com/joho/godotenv v1.5.1/go.mod h1:f4LDr5Voq0i2e/R5DDNOoa2zzDfwtkZa6DnEwAbqwq4=
github.com/redis/go-redis/v9 v9.0.5 h1:CuQcn5HIEeK7BgElubPP8CGtE0KakrnbBSTLjathl5o=
github.com/redis/go-redis/v9 v9.0.5/go.mod h1:WqMKv5vnQbRuZstUwxQI195wHy+t4PuXDOjzMvcuQHk=
github.com/streadway/amqp v1.0.0 h1:kuuDrUJFZL1QYL9hUNuCxNObNzB0bV/ZG5jV3RWAQgo=
github.com/streadway/amqp v1.0.0/go.mod h1:AZpEONHx3DKn8O/DFsRAY58/XVQiIPMTMB1SddzLXVw=
gopkg.in/natefinch/lumberjack.v2 v2.2.1 h1:bBRl1b0OH9s/DuPhuXpNl+VtCaJXFZ5/uEFST95x9zc=
gopkg.in/natefinch/lumberjack.v2 v2.2.1/go.mod h1:YD8tP3GAjkrDg1eZH7EGmyESg/lsYskCTPBJVb9jqSc=
